
Microsoft Visual Studio Solution File, Format Version 12.00
# Visual Studio Version 17
VisualStudioVersion = 17.5.33424.131
MinimumVisualStudioVersion = 10.0.40219.1
Project("{FAE04EC0-301F-11D3-BF4B-00C04F79EFBC}") = "WebSql", "WebSql.csproj", "{007E6F33-19FD-4003-ABFC-288610A38594}"
EndProject
Global
	GlobalSection(SolutionConfigurationPlatforms) = preSolution
		Debug|Any CPU = Debug|Any CPU
		Release|Any CPU = Release|Any CPU
	EndGlobalSection
	GlobalSection(ProjectConfigurationPlatforms) = postSolution
		{007E6F33-19FD-4003-ABFC-288610A38594}.Debug|Any CPU.ActiveCfg = Debug|Any CPU
		{007E6F33-19FD-4003-ABFC-288610A38594}.Debug|Any CPU.Build.0 = Debug|Any CPU
		{007E6F33-19FD-4003-ABFC-288610A38594}.Release|Any CPU.ActiveCfg = Release|Any CPU
		{007E6F33-19FD-4003-ABFC-288610A38594}.Release|Any CPU.Build.0 = Release|Any CPU
	EndGlobalSection
	GlobalSection(SolutionProperties) = preSolution
		HideSolutionNode = FALSE
	EndGlobalSection
	GlobalSection(ExtensibilityGlobals) = postSolution
		SolutionGuid = {68ADACBA-08A9-47EA-9A79-144E4DD1C53D}
	EndGlobalSection
EndGlobal
